// !$*UTF8*$!
{
	archiveVersion = 1;
	classes = {
	};
	objectVersion = 50;
	objects = {

/* Begin PBXBuildFile section */
		026C0118A29B3E0B87365B75 /* Pods_FMDBSample.framework in Frameworks */ = {isa = PBXBuildFile; fileRef = 8B4AD9B20C9737FB93DDCEE4 /* Pods_FMDBSample.framework */; };
		2C9BE69720C3F0F400282B6F /* AppDelegate.swift in Sources */ = {isa = PBXBuildFile; fileRef = 2C9BE69620C3F0F400282B6F /* AppDelegate.swift */; };
		2C9BE69920C3F0F400282B6F /* ViewController.swift in Sources */ = {isa = PBXBuildFile; fileRef = 2C9BE69820C3F0F400282B6F /* ViewController.swift */; };
		2C9BE69C20C3F0F400282B6F /* Main.storyboard in Resources */ = {isa = PBXBuildFile; fileRef = 2C9BE69A20C3F0F400282B6F /* Main.storyboard */; };
		2C9BE69E20C3F0F700282B6F /* Assets.xcassets in Resources */ = {isa = PBXBuildFile; fileRef = 2C9BE69D20C3F0F700282B6F /* Assets.xcassets */; };
		2C9BE6A120C3F0F700282B6F /* LaunchScreen.storyboard in Resources */ = {isa = PBXBuildFile; fileRef = 2C9BE69F20C3F0F700282B6F /* LaunchScreen.storyboard */; };
/* End PBXBuildFile section */

/* Begin PBXFileReference section */
		2C9BE69320C3F0F400282B6F /* FMDBSample.app */ = {isa = PBXFileReference; explicitFileType = wrapper.application; includeInIndex = 0; path = FMDBSample.app; sourceTree = BUILT_PRODUCTS_DIR; };
		2C9BE69620C3F0F400282B6F /* AppDelegate.swift */ = {isa = PBXFileReference; lastKnownFileType = sourcecode.swift; path = AppDelegate.swift; sourceTree = "<group>"; };
		2C9BE69820C3F0F400282B6F /* ViewController.swift */ = {isa = PBXFileReference; lastKnownFileType = sourcecode.swift; path = ViewController.swift; sourceTree = "<group>"; };
		2C9BE69B20C3F0F400282B6F /* Base */ = {isa = PBXFileReference; lastKnownFileType = file.storyboard; name = Base; path = Base.lproj/Main.storyboard; sourceTree = "<group>"; };
		2C9BE69D20C3F0F700282B6F /* Assets.xcassets */ = {isa = PBXFileReference; lastKnownFileType = folder.assetcatalog; path = Assets.xcassets; sourceTree = "<group>"; };
		2C9BE6A020C3F0F700282B6F /* Base */ = {isa = PBXFileReference; lastKnownFileType = file.storyboard; name = Base; path = Base.lproj/LaunchScreen.storyboard; sourceTree = "<group>"; };
		2C9BE6A220C3F0F700282B6F /* Info.plist */ = {isa = PBXFileReference; lastKnownFileType = text.plist.xml; path = Info.plist; sourceTree = "<group>"; };
		8B4AD9B20C9737FB93DDCEE4 /* Pods_FMDBSample.framework */ = {isa = PBXFileReference; explicitFileType = wrapper.framework; includeInIndex = 0; path = Pods_FMDBSample.framework; sourceTree = BUILT_PRODUCTS_DIR; };
		9C9897CA33EB9D6220A08C28 /* Pods-FMDBSample.debug.xcconfig */ = {isa = PBXFileReference; includeInIndex = 1; lastKnownFileType = text.xcconfig; name = "Pods-FMDBSample.debug.xcconfig"; path = "Pods/Target Support Files/Pods-FMDBSample/Pods-FMDBSample.debug.xcconfig"; sourceTree = "<group>"; };
		DEC919B671BD52A7F921C4FA /* Pods-FMDBSample.release.xcconfig */ = {isa = PBXFileReference; includeInIndex = 1; lastKnownFileType = text.xcconfig; name = "Pods-FMDBSample.release.xcconfig"; path = "Pods/Target Support Files/Pods-FMDBSample/Pods-FMDBSample.release.xcconfig"; sourceTree = "<group>"; };
/* End PBXFileReference section */

/* Begin PBXFrameworksBuildPhase section */
		2C9BE69020C3F0F400282B6F /* Frameworks */ = {
			isa = PBXFrameworksBuildPhase;
			buildActionMask = 2147483647;
			files = (
				026C0118A29B3E0B87365B75 /* Pods_FMDBSample.framework in Frameworks */,
			);
			runOnlyForDeploymentPostprocessing = 0;
		};
/* End PBXFrameworksBuildPhase section */

/* Begin PBXGroup section */
		1B7A69CD7551EFFF0DF30AC2 /* Pods */ = {
			isa = PBXGroup;
			children = (
				9C9897CA33EB9D6220A08C28 /* Pods-FMDBSample.debug.xcconfig */,
				DEC919B671BD52A7F921C4FA /* Pods-FMDBSample.release.xcconfig */,
			);
			name = Pods;
			sourceTree = "<group>";
		};
		2C9BE68A20C3F0F400282B6F = {
			isa = PBXGroup;
			children = (
				2C9BE69520C3F0F400282B6F /* FMDBSample */,
				2C9BE69420C3F0F400282B6F /* Products */,
				1B7A69CD7551EFFF0DF30AC2 /* Pods */,
				4203262AD97AF9F2DA242BBA /* Frameworks */,
			);
			sourceTree = "<group>";
		};
		2C9BE69420C3F0F400282B6F /* Products */ = {
			isa = PBXGroup;
			children = (
				2C9BE69320C3F0F400282B6F /* FMDBSample.app */,
			);
			name = Products;
			sourceTree = "<group>";
		};
		2C9BE69520C3F0F400282B6F /* FMDBSample */ = {
			isa = PBXGroup;
			children = (
				2C9BE69620C3F0F400282B6F /* AppDelegate.swift */,
				2C9BE69820C3F0F400282B6F /* ViewController.swift */,
				2C9BE69A20C3F0F400282B6F /* Main.storyboard */,
				2C9BE69D20C3F0F700282B6F /* Assets.xcassets */,
				2C9BE69F20C3F0F700282B6F /* LaunchScreen.storyboard */,
				2C9BE6A220C3F0F700282B6F /* Info.plist */,
			);
			path = FMDBSample;
			sourceTree = "<group>";
		};
		4203262AD97AF9F2DA242BBA /* Frameworks */ = {
			isa = PBXGroup;
			children = (
				8B4AD9B20C9737FB93DDCEE4 /* Pods_FMDBSample.framework */,
			);
			name = Frameworks;
			sourceTree = "<group>";
		};
/* End PBXGroup section */

/* Begin PBXNativeTarget section */
		2C9BE69220C3F0F400282B6F /* FMDBSample */ = {
			isa = PBXNativeTarget;
			buildConfigurationList = 2C9BE6A520C3F0F700282B6F /* Build configuration list for PBXNativeTarget "FMDBSample" */;
			buildPhases = (
				D1C1613F74E241171ED82173 /* [CP] Check Pods Manifest.lock */,
				2C9BE68F20C3F0F400282B6F /* Sources */,
				2C9BE69020C3F0F400282B6F /* Frameworks */,
				2C9BE69120C3F0F400282B6F /* Resources */,
				9E754C468B9CA5AAB3B0498F /* [CP] Embed Pods Frameworks */,
			);
			buildRules = (
			);
			dependencies = (
			);
			name = FMDBSample;
			productName = FMDBSample;
			productReference = 2C9BE69320C3F0F400282B6F /* FMDBSample.app */;
			productType = "com.apple.product-type.application";
		};
/* End PBXNativeTarget section */

/* Begin PBXProject section */
		2C9BE68B20C3F0F400282B6F /* Project object */ = {
			isa = PBXProject;
			attributes = {
				LastSwiftUpdateCheck = 0940;
				LastUpgradeCheck = 0940;
				ORGANIZATIONNAME = RS;
				TargetAttributes = {
					2C9BE69220C3F0F400282B6F = {
						CreatedOnToolsVersion = 9.4;
					};
				};
			};
			buildConfigurationList = 2C9BE68E20C3F0F400282B6F /* Build configuration list for PBXProject "FMDBSample" */;
			compatibilityVersion = "Xcode 9.3";
			developmentRegion = en;
			hasScannedForEncodings = 0;
			knownRegions = (
				en,
				Base,
			);
			mainGroup = 2C9BE68A20C3F0F400282B6F;
			productRefGroup = 2C9BE69420C3F0F400282B6F /* Products */;
			projectDirPath = "";
			projectRoot = "";
			targets = (
				2C9BE69220C3F0F400282B6F /* FMDBSample */,
			);
		};
/* End PBXProject section */

/* Begin PBXResourcesBuildPhase section */
		2C9BE69120C3F0F400282B6F /* Resources */ = {
			isa = PBXResourcesBuildPhase;
			buildActionMask = 2147483647;
			files = (
				2C9BE6A120C3F0F700282B6F /* LaunchScreen.storyboard in Resources */,
				2C9BE69E20C3F0F700282B6F /* Assets.xcassets in Resources */,
				2C9BE69C20C3F0F400282B6F /* Main.storyboard in Resources */,
			);
			runOnlyForDeploymentPostprocessing = 0;
		};
/* End PBXResourcesBuildPhase section */

/* Begin PBXShellScriptBuildPhase section */
		9E754C468B9CA5AAB3B0498F /* [CP] Embed Pods Frameworks */ = {
			isa = PBXShellScriptBuildPhase;
			buildActionMask = 2147483647;
			files = (
			);
			inputPaths = (
				"${SRCROOT}/Pods/Target Support Files/Pods-FMDBSample/Pods-FMDBSample-frameworks.sh",
				"${BUILT_PRODUCTS_DIR}/FMDB/FMDB.framework",
			);
			name = "[CP] Embed Pods Frameworks";
			outputPaths = (
				"${TARGET_BUILD_DIR}/${FRAMEWORKS_FOLDER_PATH}/FMDB.framework",
			);
			runOnlyForDeploymentPostprocessing = 0;
			shellPath = /bin/sh;
			shellScript = "\"${SRCROOT}/Pods/Target Support Files/Pods-FMDBSample/Pods-FMDBSample-frameworks.sh\"\n";
			showEnvVarsInLog = 0;
		};
		D1C1613F74E241171ED82173 /* [CP] Check Pods Manifest.lock */ = {
			isa = PBXShellScriptBuildPhase;
			buildActionMask = 2147483647;
			files = (
			);
			inputPaths = (
				"${PODS_PODFILE_DIR_PATH}/Podfile.lock",
				"${PODS_ROOT}/Manifest.lock",
			);
			name = "[CP] Check Pods Manifest.lock";
			outputPaths = (
				"$(DERIVED_FILE_DIR)/Pods-FMDBSample-checkManifestLockResult.txt",
			);
			runOnlyForDeploymentPostprocessing = 0;
			shellPath = /bin/sh;
			shellScript = "diff \"${PODS_PODFILE_DIR_PATH}/Podfile.lock\" \"${PODS_ROOT}/Manifest.lock\" > /dev/null\nif [ $? != 0 ] ; then\n    # print error to STDERR\n    echo \"error: The sandbox is not in sync with the Podfile.lock. Run 'pod install' or update your CocoaPods installation.\" >&2\n    exit 1\nfi\n# This output is used by Xcode 'outputs' to avoid re-running this script phase.\necho \"SUCCESS\" > \"${SCRIPT_OUTPUT_FILE_0}\"\n";
			showEnvVarsInLog = 0;
		};
/* End PBXShellScriptBuildPhase section */

/* Begin PBXSourcesBuildPhase section */
		2C9BE68F20C3F0F400282B6F /* Sources */ = {
			isa = PBXSourcesBuildPhase;
			buildActionMask = 2147483647;
			files = (
				2C9BE69920C3F0F400282B6F /* ViewController.swift in Sources */,
				2C9BE69720C3F0F400282B6F /* AppDelegate.swift in Sources */,
			);
			runOnlyForDeploymentPostprocessing = 0;
		};
/* End PBXSourcesBuildPhase section */

/* Begin PBXVariantGroup section */
		2C9BE69A20C3F0F400282B6F /* Main.storyboard */ = {
			isa = PBXVariantGroup;
			children = (
				2C9BE69B20C3F0F400282B6F /* Base */,
			);
			name = Main.storyboard;
			sourceTree = "<group>";
		};
		2C9BE69F20C3F0F700282B6F /* LaunchScreen.storyboard */ = {
			isa = PBXVariantGroup;
			children = (
				2C9BE6A020C3F0F700282B6F /* Base */,
			);
			name = LaunchScreen.storyboard;
			sourceTree = "<group>";
		};
/* End PBXVariantGroup section */

/* Begin XCBuildConfiguration section */
		2C9BE6A320C3F0F700282B6F /* Debug */ = {
			isa = XCBuildConfiguration;
			buildSettings = {
				ALWAYS_SEARCH_USER_PATHS = NO;
				CLANG_ANALYZER_NONNULL = YES;
				CLANG_ANALYZER_NUMBER_OBJECT_CONVERSION = YES_AGGRESSIVE;
				CLANG_CXX_LANGUAGE_STANDARD = "gnu++14";
				CLANG_CXX_LIBRARY = "libc++";
				CLANG_ENABLE_MODULES = YES;
				CLANG_ENABLE_OBJC_ARC = YES;
				CLANG_ENABLE_OBJC_WEAK = YES;
				CLANG_WARN_BLOCK_CAPTURE_AUTORELEASING = YES;
				CLANG_WARN_BOOL_CONVERSION = YES;
				CLANG_WARN_COMMA = YES;
				CLANG_WARN_CONSTANT_CONVERSION = YES;
				CLANG_WARN_DEPRECATED_OBJC_IMPLEMENTATIONS = YES;
				CLANG_WARN_DIRECT_OBJC_ISA_USAGE = YES_ERROR;
				CLANG_WARN_DOCUMENTATION_COMMENTS = YES;
				CLANG_WARN_EMPTY_BODY = YES;
				CLANG_WARN_ENUM_CONVERSION = YES;
				CLANG_WARN_INFINITE_RECURSION = YES;
				CLANG_WARN_INT_CONVERSION = YES;
				CLANG_WARN_NON_LITERAL_NULL_CONVERSION = YES;
				CLANG_WARN_OBJC_IMPLICIT_RETAIN_SELF = YES;
				CLANG_WARN_OBJC_LITERAL_CONVERSION = YES;
				CLANG_WARN_OBJC_ROOT_CLASS = YES_ERROR;
				CLANG_WARN_RANGE_LOOP_ANALYSIS = YES;
				CLANG_WARN_STRICT_PROTOTYPES = YES;
				CLANG_WARN_SUSPICIOUS_MOVE = YES;
				CLANG_WARN_UNGUARDED_AVAILABILITY = YES_AGGRESSIVE;
				CLANG_WARN_UNREACHABLE_CODE = YES;
				CLANG_WARN__DUPLICATE_METHOD_MATCH = YES;
				CODE_SIGN_IDENTITY = "iPhone Developer";
				COPY_PHASE_STRIP = NO;
				DEBUG_INFORMATION_FORMAT = dwarf;
				ENABLE_STRICT_OBJC_MSGSEND = YES;
				ENABLE_TESTABILITY = YES;
				GCC_C_LANGUAGE_STANDARD = gnu11;
				GCC_DYNAMIC_NO_PIC = NO;
				GCC_NO_COMMON_BLOCKS = YES;
				GCC_OPTIMIZATION_LEVEL = 0;
				GCC_PREPROCESSOR_DEFINITIONS = (
					"DEBUG=1",
					"$(inherited)",
				);
				GCC_WARN_64_TO_32_BIT_CONVERSION = YES;
				GCC_WARN_ABOUT_RETURN_TYPE = YES_ERROR;
				GCC_WARN_UNDECLARED_SELECTOR = YES;
				GCC_WARN_UNINITIALIZED_AUTOS = YES_AGGRESSIVE;
				GCC_WARN_UNUSED_FUNCTION = YES;
				GCC_WARN_UNUSED_VARIABLE = YES;
				IPHONEOS_DEPLOYMENT_TARGET = 11.4;
				MTL_ENABLE_DEBUG_INFO = YES;
				ONLY_ACTIVE_ARCH = YES;
				SDKROOT = iphoneos;
				SWIFT_ACTIVE_COMPILATION_CONDITIONS = DEBUG;
				SWIFT_OPTIMIZATION_LEVEL = "-Onone";
			};
			name = Debug;
		};
		2C9BE6A420C3F0F700282B6F /* Release */ = {
			isa = XCBuildConfiguration;
			buildSettings = {
				ALWAYS_SEARCH_USER_PATHS = NO;
				CLANG_ANALYZER_NONNULL = YES;
				CLANG_ANALYZER_NUMBER_OBJECT_CONVERSION = YES_AGGRESSIVE;
				CLANG_CXX_LANGUAGE_STANDARD = "gnu++14";
				CLANG_CXX_LIBRARY = "libc++";
				CLANG_ENABLE_MODULES = YES;
				CLANG_ENABLE_OBJC_ARC = YES;
				CLANG_ENABLE_OBJC_WEAK = YES;
				CLANG_WARN_BLOCK_CAPTURE_AUTORELEASING = YES;
				CLANG_WARN_BOOL_CONVERSION = YES;
				CLANG_WARN_COMMA = YES;
				CLANG_WARN_CONSTANT_CONVERSION = YES;
				CLANG_WARN_DEPRECATED_OBJC_IMPLEMENTATIONS = YES;
				CLANG_WARN_DIRECT_OBJC_ISA_USAGE = YES_ERROR;
				CLANG_WARN_DOCUMENTATION_COMMENTS = YES;
				CLANG_WARN_EMPTY_BODY = YES;
				CLANG_WARN_ENUM_CONVERSION = YES;
				CLANG_WARN_INFINITE_RECURSION = YES;
				CLANG_WARN_INT_CONVERSION = YES;
				CLANG_WARN_NON_LITERAL_NULL_CONVERSION = YES;
				CLANG_WARN_OBJC_IMPLICIT_RETAIN_SELF = YES;
				CLANG_WARN_OBJC_LITERAL_CONVERSION = YES;
				CLANG_WARN_OBJC_ROOT_CLASS = YES_ERROR;
				CLANG_WARN_RANGE_LOOP_ANALYSIS = YES;
				CLANG_WARN_STRICT_PROTOTYPES = YES;
				CLANG_WARN_SUSPICIOUS_MOVE = YES;
				CLANG_WARN_UNGUARDED_AVAILABILITY = YES_AGGRESSIVE;
				CLANG_WARN_UNREACHABLE_CODE = YES;
				CLANG_WARN__DUPLICATE_METHOD_MATCH = YES;
				CODE_SIGN_IDENTITY = "iPhone Developer";
				COPY_PHASE_STRIP = NO;
				DEBUG_INFORMATION_FORMAT = "dwarf-with-dsym";
				ENABLE_NS_ASSERTIONS = NO;
				ENABLE_STRICT_OBJC_MSGSEND = YES;
				GCC_C_LANGUAGE_STANDARD = gnu11;
				GCC_NO_COMMON_BLOCKS = YES;
				GCC_WARN_64_TO_32_BIT_CONVERSION = YES;
				GCC_WARN_ABOUT_RETURN_TYPE = YES_ERROR;
				GCC_WARN_UNDECLARED_SELECTOR = YES;
				GCC_WARN_UNINITIALIZED_AUTOS = YES_AGGRESSIVE;
				GCC_WARN_UNUSED_FUNCTION = YES;
				GCC_WARN_UNUSED_VARIABLE = YES;
				IPHONEOS_DEPLOYMENT_TARGET = 11.4;
				MTL_ENABLE_DEBUG_INFO = NO;
				SDKROOT = iphoneos;
				SWIFT_COMPILATION_MODE = wholemodule;
				SWIFT_OPTIMIZATION_LEVEL = "-O";
				VALIDATE_PRODUCT = YES;
			};
			name = Release;
		};
		2C9BE6A620C3F0F700282B6F /* Debug */ = {
			isa = XCBuildConfiguration;
			baseConfigurationReference = 9C9897CA33EB9D6220A08C28 /* Pods-FMDBSample.debug.xcconfig */;
			buildSettings = {
				ASSETCATALOG_COMPILER_APPICON_NAME = AppIcon;
				CODE_SIGN_STYLE = Automatic;
				INFOPLIST_FILE = FMDBSample/Info.plist;
				LD_RUNPATH_SEARCH_PATHS = "$(inherited) @executable_path/Frameworks";
				PRODUCT_BUNDLE_IDENTIFIER = com.sdlcdhch.runsheng.FMDBSample;
				PRODUCT_NAME = "$(TARGET_NAME)";
				SWIFT_VERSION = 4.0;
				TARGETED_DEVICE_FAMILY = "1,2";
			};
			name = Debug;
		};
		2C9BE6A720C3F0F700282B6F /* Release */ = {
			isa = XCBuildConfiguration;
			baseConfigurationReference = DEC919B671BD52A7F921C4FA /* Pods-FMDBSample.release.xcconfig */;
			buildSettings = {
				ASSETCATALOG_COMPILER_APPICON_NAME = AppIcon;
				CODE_SIGN_STYLE = Automatic;
				INFOPLIST_FILE = FMDBSample/Info.plist;
				LD_RUNPATH_SEARCH_PATHS = "$(inherited) @executable_path/Frameworks";
				PRODUCT_BUNDLE_IDENTIFIER = com.sdlcdhch.runsheng.FMDBSample;
				PRODUCT_NAME = "$(TARGET_NAME)";
				SWIFT_VERSION = 4.0;
				TARGETED_DEVICE_FAMILY = "1,2";
			};
			name = Release;
		};
/* End XCBuildConfiguration section */

/* Begin XCConfigurationList section */
		2C9BE68E20C3F0F400282B6F /* Build configuration list for PBXProject "FMDBSample" */ = {
			isa = XCConfigurationList;
			buildConfigurations = (
				2C9BE6A320C3F0F700282B6F /* Debug */,
				2C9BE6A420C3F0F700282B6F /* Release */,
			);
			defaultConfigurationIsVisible = 0;
			defaultConfigurationName = Release;
		};
		2C9BE6A520C3F0F700282B6F /* Build configuration list for PBXNativeTarget "FMDBSample" */ = {
			isa = XCConfigurationList;
			buildConfigurations = (
				2C9BE6A620C3F0F700282B6F /* Debug */,
				2C9BE6A720C3F0F700282B6F /* Release */,
			);
			defaultConfigurationIsVisible = 0;
			defaultConfigurationName = Release;
		};
/* End XCConfigurationList section */
	};
	rootObject = 2C9BE68B20C3F0F400282B6F /* Project object */;
}
